
Microsoft Visual Studio Solution File, Format Version 12.00
# Visual Studio Version 17
VisualStudioVersion = 17.1.32328.378
MinimumVisualStudioVersion = 10.0.40219.1
Project("{8BC9CEB8-8B4A-11D0-8D11-00A0C91BC942}") = "Project3", "Project3\Project3.vcxproj", "{2193FC61-D36A-468D-9B21-4EC6E835C4FE}"
EndProject
Global
	GlobalSection(SolutionConfigurationPlatforms) = preSolution
		Debug|x64 = Debug|x64
		Debug|x86 = Debug|x86
		Release|x64 = Release|x64
		Release|x86 = Release|x86
	EndGlobalSection
	GlobalSection(ProjectConfigurationPlatforms) = postSolution
		{2193FC61-D36A-468D-9B21-4EC6E835C4FE}.Debug|x64.ActiveCfg = Debug|x64
		{2193FC61-D36A-468D-9B21-4EC6E835C4FE}.Debug|x64.Build.0 = Debug|x64
		{2193FC61-D36A-468D-9B21-4EC6E835C4FE}.Debug|x86.ActiveCfg = Debug|Win32
		{2193FC61-D36A-468D-9B21-4EC6E835C4FE}.Debug|x86.Build.0 = Debug|Win32
		{2193FC61-D36A-468D-9B21-4EC6E835C4FE}.Release|x64.ActiveCfg = Release|x64
		{2193FC61-D36A-468D-9B21-4EC6E835C4FE}.Release|x64.Build.0 = Release|x64
		{2193FC61-D36A-468D-9B21-4EC6E835C4FE}.Release|x86.ActiveCfg = Release|Win32
		{2193FC61-D36A-468D-9B21-4EC6E835C4FE}.Release|x86.Build.0 = Release|Win32
	EndGlobalSection
	GlobalSection(SolutionProperties) = preSolution
		HideSolutionNode = FALSE
	EndGlobalSection
	GlobalSection(ExtensibilityGlobals) = postSolution
		SolutionGuid = {9A60EAFC-54EF-426E-8143-27F157B8B772}
	EndGlobalSection
EndGlobal
