
Microsoft Visual Studio Solution File, Format Version 12.00
# Visual Studio Version 17
VisualStudioVersion = 17.1.32328.378
MinimumVisualStudioVersion = 10.0.40219.1
Project("{8BC9CEB8-8B4A-11D0-8D11-00A0C91BC942}") = "Project1", "Project1\Project1.vcxproj", "{691A7F31-DA1B-4DC8-BBC7-C9010611BE6D}"
EndProject
Global
	GlobalSection(SolutionConfigurationPlatforms) = preSolution
		Debug|x64 = Debug|x64
		Debug|x86 = Debug|x86
		Release|x64 = Release|x64
		Release|x86 = Release|x86
	EndGlobalSection
	GlobalSection(ProjectConfigurationPlatforms) = postSolution
		{691A7F31-DA1B-4DC8-BBC7-C9010611BE6D}.Debug|x64.ActiveCfg = Debug|x64
		{691A7F31-DA1B-4DC8-BBC7-C9010611BE6D}.Debug|x64.Build.0 = Debug|x64
		{691A7F31-DA1B-4DC8-BBC7-C9010611BE6D}.Debug|x86.ActiveCfg = Debug|Win32
		{691A7F31-DA1B-4DC8-BBC7-C9010611BE6D}.Debug|x86.Build.0 = Debug|Win32
		{691A7F31-DA1B-4DC8-BBC7-C9010611BE6D}.Release|x64.ActiveCfg = Release|x64
		{691A7F31-DA1B-4DC8-BBC7-C9010611BE6D}.Release|x64.Build.0 = Release|x64
		{691A7F31-DA1B-4DC8-BBC7-C9010611BE6D}.Release|x86.ActiveCfg = Release|Win32
		{691A7F31-DA1B-4DC8-BBC7-C9010611BE6D}.Release|x86.Build.0 = Release|Win32
	EndGlobalSection
	GlobalSection(SolutionProperties) = preSolution
		HideSolutionNode = FALSE
	EndGlobalSection
	GlobalSection(ExtensibilityGlobals) = postSolution
		SolutionGuid = {0B1ADF20-A3D2-4EDF-A5BB-EEF020F71A18}
	EndGlobalSection
EndGlobal
